
Microsoft Visual Studio Solution File, Format Version 12.00
# Visual Studio Version 17
VisualStudioVersion = 17.6.33723.286
MinimumVisualStudioVersion = 10.0.40219.1
Project("{FAE04EC0-301F-11D3-BF4B-00C04F79EFBC}") = "Zaverecny_projekt", "Zaverecny_projekt\Zaverecny_projekt.csproj", "{D7585C21-432D-45D4-B54F-732FF888577E}"
EndProject
Global
	GlobalSection(SolutionConfigurationPlatforms) = preSolution
		Debug|Any CPU = Debug|Any CPU
		Release|Any CPU = Release|Any CPU
	EndGlobalSection
	GlobalSection(ProjectConfigurationPlatforms) = postSolution
		{D7585C21-432D-45D4-B54F-732FF888577E}.Debug|Any CPU.ActiveCfg = Debug|Any CPU
		{D7585C21-432D-45D4-B54F-732FF888577E}.Debug|Any CPU.Build.0 = Debug|Any CPU
		{D7585C21-432D-45D4-B54F-732FF888577E}.Release|Any CPU.ActiveCfg = Release|Any CPU
		{D7585C21-432D-45D4-B54F-732FF888577E}.Release|Any CPU.Build.0 = Release|Any CPU
	EndGlobalSection
	GlobalSection(SolutionProperties) = preSolution
		HideSolutionNode = FALSE
	EndGlobalSection
	GlobalSection(ExtensibilityGlobals) = postSolution
		SolutionGuid = {5F7B547C-A7CA-49F3-87AF-7811C129A6C8}
	EndGlobalSection
EndGlobal
